
Microsoft Visual Studio Solution File, Format Version 12.00
# Visual Studio Version 16
VisualStudioVersion = 16.0.28714.193
MinimumVisualStudioVersion = 10.0.40219.1
Project("{FAE04EC0-301F-11D3-BF4B-00C04F79EFBC}") = "Catel.Xamarin.Forms.Todo.Android", "Catel.Xamarin.Forms.Todo.Android\Catel.Xamarin.Forms.Todo.Android.csproj", "{14F5E326-0C0F-4FB3-8EB0-FB3500018FEA}"
EndProject
Project("{9A19103F-16F7-4668-BE54-9A1E7A4F7556}") = "Catel.Xamarin.Forms.Todo", "Catel.Xamarin.Forms.Todo\Catel.Xamarin.Forms.Todo.csproj", "{5649EB87-A4A7-4188-AC12-566FFF00D660}"
EndProject
Project("{FAE04EC0-301F-11D3-BF4B-00C04F79EFBC}") = "Catel.Xamarin.Forms.Todo.iOS", "Catel.Xamarin.Forms.Todo.iOS\Catel.Xamarin.Forms.Todo.iOS.csproj", "{935081CD-B02A-4954-9A1A-6A6ED41E659F}"
EndProject
Project("{FAE04EC0-301F-11D3-BF4B-00C04F79EFBC}") = "Catel.Xamarin.Forms.Todo.UWP", "Catel.Xamarin.Forms.Todo.UWP\Catel.Xamarin.Forms.Todo.UWP.csproj", "{A7462A2A-3EB2-4AC5-96B7-F27A7F95BDD5}"
EndProject
Global
	GlobalSection(SolutionConfigurationPlatforms) = preSolution
		Ad-Hoc|Any CPU = Ad-Hoc|Any CPU
		Ad-Hoc|ARM = Ad-Hoc|ARM
		Ad-Hoc|iPhone = Ad-Hoc|iPhone
		Ad-Hoc|iPhoneSimulator = Ad-Hoc|iPhoneSimulator
		Ad-Hoc|x64 = Ad-Hoc|x64
		Ad-Hoc|x86 = Ad-Hoc|x86
		AppStore|Any CPU = AppStore|Any CPU
		AppStore|ARM = AppStore|ARM
		AppStore|iPhone = AppStore|iPhone
		AppStore|iPhoneSimulator = AppStore|iPhoneSimulator
		AppStore|x64 = AppStore|x64
		AppStore|x86 = AppStore|x86
		Debug|Any CPU = Debug|Any CPU
		Debug|ARM = Debug|ARM
		Debug|iPhone = Debug|iPhone
		Debug|iPhoneSimulator = Debug|iPhoneSimulator
		Debug|x64 = Debug|x64
		Debug|x86 = Debug|x86
		Release|Any CPU = Release|Any CPU
		Release|ARM = Release|ARM
		Release|iPhone = Release|iPhone
		Release|iPhoneSimulator = Release|iPhoneSimulator
		Release|x64 = Release|x64
		Release|x86 = Release|x86
	EndGlobalSection
	GlobalSection(ProjectConfigurationPlatforms) = postSolution
		{14F5E326-0C0F-4FB3-8EB0-FB3500018FEA}.Ad-Hoc|Any CPU.ActiveCfg = Release|Any CPU
		{14F5E326-0C0F-4FB3-8EB0-FB3500018FEA}.Ad-Hoc|Any CPU.Build.0 = Release|Any CPU
		{14F5E326-0C0F-4FB3-8EB0-FB3500018FEA}.Ad-Hoc|Any CPU.Deploy.0 = Release|Any CPU
		{14F5E326-0C0F-4FB3-8EB0-FB3500018FEA}.Ad-Hoc|ARM.ActiveCfg = Release|Any CPU
		{14F5E326-0C0F-4FB3-8EB0-FB3500018FEA}.Ad-Hoc|ARM.Build.0 = Release|Any CPU
		{14F5E326-0C0F-4FB3-8EB0-FB3500018FEA}.Ad-Hoc|ARM.Deploy.0 = Release|Any CPU
		{14F5E326-0C0F-4FB3-8EB0-FB3500018FEA}.Ad-Hoc|iPhone.ActiveCfg = Release|Any CPU
		{14F5E326-0C0F-4FB3-8EB0-FB3500018FEA}.Ad-Hoc|iPhone.Build.0 = Release|Any CPU
		{14F5E326-0C0F-4FB3-8EB0-FB3500018FEA}.Ad-Hoc|iPhone.Deploy.0 = Release|Any CPU
		{14F5E326-0C0F-4FB3-8EB0-FB3500018FEA}.Ad-Hoc|iPhoneSimulator.ActiveCfg = Release|Any CPU
		{14F5E326-0C0F-4FB3-8EB0-FB3500018FEA}.Ad-Hoc|iPhoneSimulator.Build.0 = Release|Any CPU
		{14F5E326-0C0F-4FB3-8EB0-FB3500018FEA}.Ad-Hoc|iPhoneSimulator.Deploy.0 = Release|Any CPU
		{14F5E326-0C0F-4FB3-8EB0-FB3500018FEA}.Ad-Hoc|x64.ActiveCfg = Release|Any CPU
		{14F5E326-0C0F-4FB3-8EB0-FB3500018FEA}.Ad-Hoc|x64.Build.0 = Release|Any CPU
		{14F5E326-0C0F-4FB3-8EB0-FB3500018FEA}.Ad-Hoc|x64.Deploy.0 = Release|Any CPU
		{14F5E326-0C0F-4FB3-8EB0-FB3500018FEA}.Ad-Hoc|x86.ActiveCfg = Release|Any CPU
		{14F5E326-0C0F-4FB3-8EB0-FB3500018FEA}.Ad-Hoc|x86.Build.0 = Release|Any CPU
		{14F5E326-0C0F-4FB3-8EB0-FB3500018FEA}.Ad-Hoc|x86.Deploy.0 = Release|Any CPU
		{14F5E326-0C0F-4FB3-8EB0-FB3500018FEA}.AppStore|Any CPU.ActiveCfg = Release|Any CPU
		{14F5E326-0C0F-4FB3-8EB0-FB3500018FEA}.AppStore|Any CPU.Build.0 = Release|Any CPU
		{14F5E326-0C0F-4FB3-8EB0-FB3500018FEA}.AppStore|Any CPU.Deploy.0 = Release|Any CPU
		{14F5E326-0C0F-4FB3-8EB0-FB3500018FEA}.AppStore|ARM.ActiveCfg = Release|Any CPU
		{14F5E326-0C0F-4FB3-8EB0-FB3500018FEA}.AppStore|ARM.Build.0 = Release|Any CPU
		{14F5E326-0C0F-4FB3-8EB0-FB3500018FEA}.AppStore|ARM.Deploy.0 = Release|Any CPU
		{14F5E326-0C0F-4FB3-8EB0-FB3500018FEA}.AppStore|iPhone.ActiveCfg = Release|Any CPU
		{14F5E326-0C0F-4FB3-8EB0-FB3500018FEA}.AppStore|iPhone.Build.0 = Release|Any CPU
		{14F5E326-0C0F-4FB3-8EB0-FB3500018FEA}.AppStore|iPhone.Deploy.0 = Release|Any CPU
		{14F5E326-0C0F-4FB3-8EB0-FB3500018FEA}.AppStore|iPhoneSimulator.ActiveCfg = Release|Any CPU
		{14F5E326-0C0F-4FB3-8EB0-FB3500018FEA}.AppStore|iPhoneSimulator.Build.0 = Release|Any CPU
		{14F5E326-0C0F-4FB3-8EB0-FB3500018FEA}.AppStore|iPhoneSimulator.Deploy.0 = Release|Any CPU
		{14F5E326-0C0F-4FB3-8EB0-FB3500018FEA}.AppStore|x64.ActiveCfg = Release|Any CPU
		{14F5E326-0C0F-4FB3-8EB0-FB3500018FEA}.AppStore|x64.Build.0 = Release|Any CPU
		{14F5E326-0C0F-4FB3-8EB0-FB3500018FEA}.AppStore|x64.Deploy.0 = Release|Any CPU
		{14F5E326-0C0F-4FB3-8EB0-FB3500018FEA}.AppStore|x86.ActiveCfg = Release|Any CPU
		{14F5E326-0C0F-4FB3-8EB0-FB3500018FEA}.AppStore|x86.Build.0 = Release|Any CPU
		{14F5E326-0C0F-4FB3-8EB0-FB3500018FEA}.AppStore|x86.Deploy.0 = Release|Any CPU
		{14F5E326-0C0F-4FB3-8EB0-FB3500018FEA}.Debug|Any CPU.ActiveCfg = Debug|Any CPU
		{14F5E326-0C0F-4FB3-8EB0-FB3500018FEA}.Debug|Any CPU.Build.0 = Debug|Any CPU
		{14F5E326-0C0F-4FB3-8EB0-FB3500018FEA}.Debug|Any CPU.Deploy.0 = Debug|Any CPU
		{14F5E326-0C0F-4FB3-8EB0-FB3500018FEA}.Debug|ARM.ActiveCfg = Debug|Any CPU
		{14F5E326-0C0F-4FB3-8EB0-FB3500018FEA}.Debug|ARM.Build.0 = Debug|Any CPU
		{14F5E326-0C0F-4FB3-8EB0-FB3500018FEA}.Debug|ARM.Deploy.0 = Debug|Any CPU
		{14F5E326-0C0F-4FB3-8EB0-FB3500018FEA}.Debug|iPhone.ActiveCfg = Debug|Any CPU
		{14F5E326-0C0F-4FB3-8EB0-FB3500018FEA}.Debug|iPhone.Build.0 = Debug|Any CPU
		{14F5E326-0C0F-4FB3-8EB0-FB3500018FEA}.Debug|iPhone.Deploy.0 = Debug|Any CPU
		{14F5E326-0C0F-4FB3-8EB0-FB3500018FEA}.Debug|iPhoneSimulator.ActiveCfg = Debug|Any CPU
		{14F5E326-0C0F-4FB3-8EB0-FB3500018FEA}.Debug|iPhoneSimulator.Build.0 = Debug|Any CPU
		{14F5E326-0C0F-4FB3-8EB0-FB3500018FEA}.Debug|iPhoneSimulator.Deploy.0 = Debug|Any CPU
		{14F5E326-0C0F-4FB3-8EB0-FB3500018FEA}.Debug|x64.ActiveCfg = Debug|Any CPU
		{14F5E326-0C0F-4FB3-8EB0-FB3500018FEA}.Debug|x64.Build.0 = Debug|Any CPU
		{14F5E326-0C0F-4FB3-8EB0-FB3500018FEA}.Debug|x64.Deploy.0 = Debug|Any CPU
		{14F5E326-0C0F-4FB3-8EB0-FB3500018FEA}.Debug|x86.ActiveCfg = Debug|Any CPU
		{14F5E326-0C0F-4FB3-8EB0-FB3500018FEA}.Debug|x86.Build.0 = Debug|Any CPU
		{14F5E326-0C0F-4FB3-8EB0-FB3500018FEA}.Debug|x86.Deploy.0 = Debug|Any CPU
		{14F5E326-0C0F-4FB3-8EB0-FB3500018FEA}.Release|Any CPU.ActiveCfg = Release|Any CPU
		{14F5E326-0C0F-4FB3-8EB0-FB3500018FEA}.Release|Any CPU.Build.0 = Release|Any CPU
		{14F5E326-0C0F-4FB3-8EB0-FB3500018FEA}.Release|Any CPU.Deploy.0 = Release|Any CPU
		{14F5E326-0C0F-4FB3-8EB0-FB3500018FEA}.Release|ARM.ActiveCfg = Release|Any CPU
		{14F5E326-0C0F-4FB3-8EB0-FB3500018FEA}.Release|ARM.Build.0 = Release|Any CPU
		{14F5E326-0C0F-4FB3-8EB0-FB3500018FEA}.Release|ARM.Deploy.0 = Release|Any CPU
		{14F5E326-0C0F-4FB3-8EB0-FB3500018FEA}.Release|iPhone.ActiveCfg = Release|Any CPU
		{14F5E326-0C0F-4FB3-8EB0-FB3500018FEA}.Release|iPhone.Build.0 = Release|Any CPU
		{14F5E326-0C0F-4FB3-8EB0-FB3500018FEA}.Release|iPhone.Deploy.0 = Release|Any CPU
		{14F5E326-0C0F-4FB3-8EB0-FB3500018FEA}.Release|iPhoneSimulator.ActiveCfg = Release|Any CPU
		{14F5E326-0C0F-4FB3-8EB0-FB3500018FEA}.Release|iPhoneSimulator.Build.0 = Release|Any CPU
		{14F5E326-0C0F-4FB3-8EB0-FB3500018FEA}.Release|iPhoneSimulator.Deploy.0 = Release|Any CPU
		{14F5E326-0C0F-4FB3-8EB0-FB3500018FEA}.Release|x64.ActiveCfg = Release|Any CPU
		{14F5E326-0C0F-4FB3-8EB0-FB3500018FEA}.Release|x64.Build.0 = Release|Any CPU
		{14F5E326-0C0F-4FB3-8EB0-FB3500018FEA}.Release|x64.Deploy.0 = Release|Any CPU
		{14F5E326-0C0F-4FB3-8EB0-FB3500018FEA}.Release|x86.ActiveCfg = Release|Any CPU
		{14F5E326-0C0F-4FB3-8EB0-FB3500018FEA}.Release|x86.Build.0 = Release|Any CPU
		{14F5E326-0C0F-4FB3-8EB0-FB3500018FEA}.Release|x86.Deploy.0 = Release|Any CPU
		{5649EB87-A4A7-4188-AC12-566FFF00D660}.Ad-Hoc|Any CPU.ActiveCfg = Release|Any CPU
		{5649EB87-A4A7-4188-AC12-566FFF00D660}.Ad-Hoc|Any CPU.Build.0 = Release|Any CPU
		{5649EB87-A4A7-4188-AC12-566FFF00D660}.Ad-Hoc|ARM.ActiveCfg = Release|Any CPU
		{5649EB87-A4A7-4188-AC12-566FFF00D660}.Ad-Hoc|ARM.Build.0 = Release|Any CPU
		{5649EB87-A4A7-4188-AC12-566FFF00D660}.Ad-Hoc|iPhone.ActiveCfg = Release|Any CPU
		{5649EB87-A4A7-4188-AC12-566FFF00D660}.Ad-Hoc|iPhone.Build.0 = Release|Any CPU
		{5649EB87-A4A7-4188-AC12-566FFF00D660}.Ad-Hoc|iPhoneSimulator.ActiveCfg = Release|Any CPU
		{5649EB87-A4A7-4188-AC12-566FFF00D660}.Ad-Hoc|iPhoneSimulator.Build.0 = Release|Any CPU
		{5649EB87-A4A7-4188-AC12-566FFF00D660}.Ad-Hoc|x64.ActiveCfg = Release|Any CPU
		{5649EB87-A4A7-4188-AC12-566FFF00D660}.Ad-Hoc|x64.Build.0 = Release|Any CPU
		{5649EB87-A4A7-4188-AC12-566FFF00D660}.Ad-Hoc|x86.ActiveCfg = Release|Any CPU
		{5649EB87-A4A7-4188-AC12-566FFF00D660}.Ad-Hoc|x86.Build.0 = Release|Any CPU
		{5649EB87-A4A7-4188-AC12-566FFF00D660}.AppStore|Any CPU.ActiveCfg = Release|Any CPU
		{5649EB87-A4A7-4188-AC12-566FFF00D660}.AppStore|Any CPU.Build.0 = Release|Any CPU
		{5649EB87-A4A7-4188-AC12-566FFF00D660}.AppStore|ARM.ActiveCfg = Release|Any CPU
		{5649EB87-A4A7-4188-AC12-566FFF00D660}.AppStore|ARM.Build.0 = Release|Any CPU
		{5649EB87-A4A7-4188-AC12-566FFF00D660}.AppStore|iPhone.ActiveCfg = Release|Any CPU
		{5649EB87-A4A7-4188-AC12-566FFF00D660}.AppStore|iPhone.Build.0 = Release|Any CPU
		{5649EB87-A4A7-4188-AC12-566FFF00D660}.AppStore|iPhoneSimulator.ActiveCfg = Release|Any CPU
		{5649EB87-A4A7-4188-AC12-566FFF00D660}.AppStore|iPhoneSimulator.Build.0 = Release|Any CPU
		{5649EB87-A4A7-4188-AC12-566FFF00D660}.AppStore|x64.ActiveCfg = Release|Any CPU
		{5649EB87-A4A7-4188-AC12-566FFF00D660}.AppStore|x64.Build.0 = Release|Any CPU
		{5649EB87-A4A7-4188-AC12-566FFF00D660}.AppStore|x86.ActiveCfg = Release|Any CPU
		{5649EB87-A4A7-4188-AC12-566FFF00D660}.AppStore|x86.Build.0 = Release|Any CPU
		{5649EB87-A4A7-4188-AC12-566FFF00D660}.Debug|Any CPU.ActiveCfg = Debug|Any CPU
		{5649EB87-A4A7-4188-AC12-566FFF00D660}.Debug|Any CPU.Build.0 = Debug|Any CPU
		{5649EB87-A4A7-4188-AC12-566FFF00D660}.Debug|ARM.ActiveCfg = Debug|Any CPU
		{5649EB87-A4A7-4188-AC12-566FFF00D660}.Debug|ARM.Build.0 = Debug|Any CPU
		{5649EB87-A4A7-4188-AC12-566FFF00D660}.Debug|iPhone.ActiveCfg = Debug|Any CPU
		{5649EB87-A4A7-4188-AC12-566FFF00D660}.Debug|iPhone.Build.0 = Debug|Any CPU
		{5649EB87-A4A7-4188-AC12-566FFF00D660}.Debug|iPhoneSimulator.ActiveCfg = Debug|Any CPU
		{5649EB87-A4A7-4188-AC12-566FFF00D660}.Debug|iPhoneSimulator.Build.0 = Debug|Any CPU
		{5649EB87-A4A7-4188-AC12-566FFF00D660}.Debug|x64.ActiveCfg = Debug|Any CPU
		{5649EB87-A4A7-4188-AC12-566FFF00D660}.Debug|x64.Build.0 = Debug|Any CPU
		{5649EB87-A4A7-4188-AC12-566FFF00D660}.Debug|x86.ActiveCfg = Debug|Any CPU
		{5649EB87-A4A7-4188-AC12-566FFF00D660}.Debug|x86.Build.0 = Debug|Any CPU
		{5649EB87-A4A7-4188-AC12-566FFF00D660}.Release|Any CPU.ActiveCfg = Release|Any CPU
		{5649EB87-A4A7-4188-AC12-566FFF00D660}.Release|Any CPU.Build.0 = Release|Any CPU
		{5649EB87-A4A7-4188-AC12-566FFF00D660}.Release|ARM.ActiveCfg = Release|Any CPU
		{5649EB87-A4A7-4188-AC12-566FFF00D660}.Release|ARM.Build.0 = Release|Any CPU
		{5649EB87-A4A7-4188-AC12-566FFF00D660}.Release|iPhone.ActiveCfg = Release|Any CPU
		{5649EB87-A4A7-4188-AC12-566FFF00D660}.Release|iPhone.Build.0 = Release|Any CPU
		{5649EB87-A4A7-4188-AC12-566FFF00D660}.Release|iPhoneSimulator.ActiveCfg = Release|Any CPU
		{5649EB87-A4A7-4188-AC12-566FFF00D660}.Release|iPhoneSimulator.Build.0 = Release|Any CPU
		{5649EB87-A4A7-4188-AC12-566FFF00D660}.Release|x64.ActiveCfg = Release|Any CPU
		{5649EB87-A4A7-4188-AC12-566FFF00D660}.Release|x64.Build.0 = Release|Any CPU
		{5649EB87-A4A7-4188-AC12-566FFF00D660}.Release|x86.ActiveCfg = Release|Any CPU
		{5649EB87-A4A7-4188-AC12-566FFF00D660}.Release|x86.Build.0 = Release|Any CPU
		{935081CD-B02A-4954-9A1A-6A6ED41E659F}.Ad-Hoc|Any CPU.ActiveCfg = Ad-Hoc|iPhone
		{935081CD-B02A-4954-9A1A-6A6ED41E659F}.Ad-Hoc|ARM.ActiveCfg = Ad-Hoc|iPhone
		{935081CD-B02A-4954-9A1A-6A6ED41E659F}.Ad-Hoc|iPhone.ActiveCfg = Ad-Hoc|iPhone
		{935081CD-B02A-4954-9A1A-6A6ED41E659F}.Ad-Hoc|iPhone.Build.0 = Ad-Hoc|iPhone
		{935081CD-B02A-4954-9A1A-6A6ED41E659F}.Ad-Hoc|iPhoneSimulator.ActiveCfg = Ad-Hoc|iPhoneSimulator
		{935081CD-B02A-4954-9A1A-6A6ED41E659F}.Ad-Hoc|iPhoneSimulator.Build.0 = Ad-Hoc|iPhoneSimulator
		{935081CD-B02A-4954-9A1A-6A6ED41E659F}.Ad-Hoc|x64.ActiveCfg = Ad-Hoc|iPhone
		{935081CD-B02A-4954-9A1A-6A6ED41E659F}.Ad-Hoc|x86.ActiveCfg = Ad-Hoc|iPhone
		{935081CD-B02A-4954-9A1A-6A6ED41E659F}.AppStore|Any CPU.ActiveCfg = AppStore|iPhone
		{935081CD-B02A-4954-9A1A-6A6ED41E659F}.AppStore|ARM.ActiveCfg = AppStore|iPhone
		{935081CD-B02A-4954-9A1A-6A6ED41E659F}.AppStore|iPhone.ActiveCfg = AppStore|iPhone
		{935081CD-B02A-4954-9A1A-6A6ED41E659F}.AppStore|iPhone.Build.0 = AppStore|iPhone
		{935081CD-B02A-4954-9A1A-6A6ED41E659F}.AppStore|iPhoneSimulator.ActiveCfg = AppStore|iPhoneSimulator
		{935081CD-B02A-4954-9A1A-6A6ED41E659F}.AppStore|iPhoneSimulator.Build.0 = AppStore|iPhoneSimulator
		{935081CD-B02A-4954-9A1A-6A6ED41E659F}.AppStore|x64.ActiveCfg = AppStore|iPhone
		{935081CD-B02A-4954-9A1A-6A6ED41E659F}.AppStore|x86.ActiveCfg = AppStore|iPhone
		{935081CD-B02A-4954-9A1A-6A6ED41E659F}.Debug|Any CPU.ActiveCfg = Debug|iPhone
		{935081CD-B02A-4954-9A1A-6A6ED41E659F}.Debug|ARM.ActiveCfg = Debug|iPhone
		{935081CD-B02A-4954-9A1A-6A6ED41E659F}.Debug|iPhone.ActiveCfg = Debug|iPhone
		{935081CD-B02A-4954-9A1A-6A6ED41E659F}.Debug|iPhone.Build.0 = Debug|iPhone
		{935081CD-B02A-4954-9A1A-6A6ED41E659F}.Debug|iPhoneSimulator.ActiveCfg = Debug|iPhoneSimulator
		{935081CD-B02A-4954-9A1A-6A6ED41E659F}.Debug|iPhoneSimulator.Build.0 = Debug|iPhoneSimulator
		{935081CD-B02A-4954-9A1A-6A6ED41E659F}.Debug|x64.ActiveCfg = Debug|iPhone
		{935081CD-B02A-4954-9A1A-6A6ED41E659F}.Debug|x86.ActiveCfg = Debug|iPhone
		{935081CD-B02A-4954-9A1A-6A6ED41E659F}.Debug|x86.Build.0 = Debug|iPhone
		{935081CD-B02A-4954-9A1A-6A6ED41E659F}.Release|Any CPU.ActiveCfg = Release|iPhone
		{935081CD-B02A-4954-9A1A-6A6ED41E659F}.Release|ARM.ActiveCfg = Release|iPhone
		{935081CD-B02A-4954-9A1A-6A6ED41E659F}.Release|iPhone.ActiveCfg = Release|iPhone
		{935081CD-B02A-4954-9A1A-6A6ED41E659F}.Release|iPhone.Build.0 = Release|iPhone
		{935081CD-B02A-4954-9A1A-6A6ED41E659F}.Release|iPhoneSimulator.ActiveCfg = Release|iPhoneSimulator
		{935081CD-B02A-4954-9A1A-6A6ED41E659F}.Release|iPhoneSimulator.Build.0 = Release|iPhoneSimulator
		{935081CD-B02A-4954-9A1A-6A6ED41E659F}.Release|x64.ActiveCfg = Release|iPhone
		{935081CD-B02A-4954-9A1A-6A6ED41E659F}.Release|x86.ActiveCfg = Release|iPhone
		{A7462A2A-3EB2-4AC5-96B7-F27A7F95BDD5}.Ad-Hoc|Any CPU.ActiveCfg = Release|x86
		{A7462A2A-3EB2-4AC5-96B7-F27A7F95BDD5}.Ad-Hoc|Any CPU.Build.0 = Release|x86
		{A7462A2A-3EB2-4AC5-96B7-F27A7F95BDD5}.Ad-Hoc|Any CPU.Deploy.0 = Release|x86
		{A7462A2A-3EB2-4AC5-96B7-F27A7F95BDD5}.Ad-Hoc|ARM.ActiveCfg = Release|ARM
		{A7462A2A-3EB2-4AC5-96B7-F27A7F95BDD5}.Ad-Hoc|ARM.Build.0 = Release|ARM
		{A7462A2A-3EB2-4AC5-96B7-F27A7F95BDD5}.Ad-Hoc|ARM.Deploy.0 = Release|ARM
		{A7462A2A-3EB2-4AC5-96B7-F27A7F95BDD5}.Ad-Hoc|iPhone.ActiveCfg = Release|x86
		{A7462A2A-3EB2-4AC5-96B7-F27A7F95BDD5}.Ad-Hoc|iPhone.Build.0 = Release|x86
		{A7462A2A-3EB2-4AC5-96B7-F27A7F95BDD5}.Ad-Hoc|iPhone.Deploy.0 = Release|x86
		{A7462A2A-3EB2-4AC5-96B7-F27A7F95BDD5}.Ad-Hoc|iPhoneSimulator.ActiveCfg = Release|x86
		{A7462A2A-3EB2-4AC5-96B7-F27A7F95BDD5}.Ad-Hoc|iPhoneSimulator.Build.0 = Release|x86
		{A7462A2A-3EB2-4AC5-96B7-F27A7F95BDD5}.Ad-Hoc|iPhoneSimulator.Deploy.0 = Release|x86
		{A7462A2A-3EB2-4AC5-96B7-F27A7F95BDD5}.Ad-Hoc|x64.ActiveCfg = Release|x64
		{A7462A2A-3EB2-4AC5-96B7-F27A7F95BDD5}.Ad-Hoc|x64.Build.0 = Release|x64
		{A7462A2A-3EB2-4AC5-96B7-F27A7F95BDD5}.Ad-Hoc|x64.Deploy.0 = Release|x64
		{A7462A2A-3EB2-4AC5-96B7-F27A7F95BDD5}.Ad-Hoc|x86.ActiveCfg = Release|x86
		{A7462A2A-3EB2-4AC5-96B7-F27A7F95BDD5}.Ad-Hoc|x86.Build.0 = Release|x86
		{A7462A2A-3EB2-4AC5-96B7-F27A7F95BDD5}.Ad-Hoc|x86.Deploy.0 = Release|x86
		{A7462A2A-3EB2-4AC5-96B7-F27A7F95BDD5}.AppStore|Any CPU.ActiveCfg = Release|x86
		{A7462A2A-3EB2-4AC5-96B7-F27A7F95BDD5}.AppStore|Any CPU.Build.0 = Release|x86
		{A7462A2A-3EB2-4AC5-96B7-F27A7F95BDD5}.AppStore|Any CPU.Deploy.0 = Release|x86
		{A7462A2A-3EB2-4AC5-96B7-F27A7F95BDD5}.AppStore|ARM.ActiveCfg = Release|ARM
		{A7462A2A-3EB2-4AC5-96B7-F27A7F95BDD5}.AppStore|ARM.Build.0 = Release|ARM
		{A7462A2A-3EB2-4AC5-96B7-F27A7F95BDD5}.AppStore|ARM.Deploy.0 = Release|ARM
		{A7462A2A-3EB2-4AC5-96B7-F27A7F95BDD5}.AppStore|iPhone.ActiveCfg = Release|x86
		{A7462A2A-3EB2-4AC5-96B7-F27A7F95BDD5}.AppStore|iPhone.Build.0 = Release|x86
		{A7462A2A-3EB2-4AC5-96B7-F27A7F95BDD5}.AppStore|iPhone.Deploy.0 = Release|x86
		{A7462A2A-3EB2-4AC5-96B7-F27A7F95BDD5}.AppStore|iPhoneSimulator.ActiveCfg = Release|x86
		{A7462A2A-3EB2-4AC5-96B7-F27A7F95BDD5}.AppStore|iPhoneSimulator.Build.0 = Release|x86
		{A7462A2A-3EB2-4AC5-96B7-F27A7F95BDD5}.AppStore|iPhoneSimulator.Deploy.0 = Release|x86
		{A7462A2A-3EB2-4AC5-96B7-F27A7F95BDD5}.AppStore|x64.ActiveCfg = Release|x64
		{A7462A2A-3EB2-4AC5-96B7-F27A7F95BDD5}.AppStore|x64.Build.0 = Release|x64
		{A7462A2A-3EB2-4AC5-96B7-F27A7F95BDD5}.AppStore|x64.Deploy.0 = Release|x64
		{A7462A2A-3EB2-4AC5-96B7-F27A7F95BDD5}.AppStore|x86.ActiveCfg = Release|x86
		{A7462A2A-3EB2-4AC5-96B7-F27A7F95BDD5}.AppStore|x86.Build.0 = Release|x86
		{A7462A2A-3EB2-4AC5-96B7-F27A7F95BDD5}.AppStore|x86.Deploy.0 = Release|x86
		{A7462A2A-3EB2-4AC5-96B7-F27A7F95BDD5}.Debug|Any CPU.ActiveCfg = Debug|x86
		{A7462A2A-3EB2-4AC5-96B7-F27A7F95BDD5}.Debug|ARM.ActiveCfg = Debug|ARM
		{A7462A2A-3EB2-4AC5-96B7-F27A7F95BDD5}.Debug|ARM.Build.0 = Debug|ARM
		{A7462A2A-3EB2-4AC5-96B7-F27A7F95BDD5}.Debug|ARM.Deploy.0 = Debug|ARM
		{A7462A2A-3EB2-4AC5-96B7-F27A7F95BDD5}.Debug|iPhone.ActiveCfg = Debug|x86
		{A7462A2A-3EB2-4AC5-96B7-F27A7F95BDD5}.Debug|iPhoneSimulator.ActiveCfg = Debug|x86
		{A7462A2A-3EB2-4AC5-96B7-F27A7F95BDD5}.Debug|x64.ActiveCfg = Debug|x64
		{A7462A2A-3EB2-4AC5-96B7-F27A7F95BDD5}.Debug|x64.Build.0 = Debug|x64
		{A7462A2A-3EB2-4AC5-96B7-F27A7F95BDD5}.Debug|x64.Deploy.0 = Debug|x64
		{A7462A2A-3EB2-4AC5-96B7-F27A7F95BDD5}.Debug|x86.ActiveCfg = Debug|x86
		{A7462A2A-3EB2-4AC5-96B7-F27A7F95BDD5}.Debug|x86.Build.0 = Debug|x86
		{A7462A2A-3EB2-4AC5-96B7-F27A7F95BDD5}.Debug|x86.Deploy.0 = Debug|x86
		{A7462A2A-3EB2-4AC5-96B7-F27A7F95BDD5}.Release|Any CPU.ActiveCfg = Release|x86
		{A7462A2A-3EB2-4AC5-96B7-F27A7F95BDD5}.Release|ARM.ActiveCfg = Release|ARM
		{A7462A2A-3EB2-4AC5-96B7-F27A7F95BDD5}.Release|ARM.Build.0 = Release|ARM
		{A7462A2A-3EB2-4AC5-96B7-F27A7F95BDD5}.Release|ARM.Deploy.0 = Release|ARM
		{A7462A2A-3EB2-4AC5-96B7-F27A7F95BDD5}.Release|iPhone.ActiveCfg = Release|x86
		{A7462A2A-3EB2-4AC5-96B7-F27A7F95BDD5}.Release|iPhoneSimulator.ActiveCfg = Release|x86
		{A7462A2A-3EB2-4AC5-96B7-F27A7F95BDD5}.Release|x64.ActiveCfg = Release|x64
		{A7462A2A-3EB2-4AC5-96B7-F27A7F95BDD5}.Release|x64.Build.0 = Release|x64
		{A7462A2A-3EB2-4AC5-96B7-F27A7F95BDD5}.Release|x64.Deploy.0 = Release|x64
		{A7462A2A-3EB2-4AC5-96B7-F27A7F95BDD5}.Release|x86.ActiveCfg = Release|x86
		{A7462A2A-3EB2-4AC5-96B7-F27A7F95BDD5}.Release|x86.Build.0 = Release|x86
		{A7462A2A-3EB2-4AC5-96B7-F27A7F95BDD5}.Release|x86.Deploy.0 = Release|x86
	EndGlobalSection
	GlobalSection(SolutionProperties) = preSolution
		HideSolutionNode = FALSE
	EndGlobalSection
	GlobalSection(ExtensibilityGlobals) = postSolution
		SolutionGuid = {78AA95CC-B418-484B-AE28-26A04B55B0DC}
	EndGlobalSection
EndGlobal
